// !$*UTF8*$!
{
	archiveVersion = 1;
	classes = {
	};
	objectVersion = 55;
	objects = {

/* Begin PBXBuildFile section */
		92C9D1CE5A038F292150475F /* Pods_Resource_Studio.framework in Frameworks */ = {isa = PBXBuildFile; fileRef = 0F24121A3FE890F4DA7B4688 /* Pods_Resource_Studio.framework */; };
		AC0167E328328D4F000E4C61 /* Array+GYSubscript.swift in Sources */ = {isa = PBXBuildFile; fileRef = AC0167E228328D4F000E4C61 /* Array+GYSubscript.swift */; };
		AC03B4D528388C0F00409AB3 /* RSJavLibraryActorReq.swift in Sources */ = {isa = PBXBuildFile; fileRef = AC03B4D428388C0F00409AB3 /* RSJavLibraryActorReq.swift */; };
		AC03B4D728388C2100409AB3 /* RSJavLibraryActorRsp.swift in Sources */ = {isa = PBXBuildFile; fileRef = AC03B4D628388C2100409AB3 /* RSJavLibraryActorRsp.swift */; };
		AC03B4D928388C3100409AB3 /* RSJavLibraryTasks.swift in Sources */ = {isa = PBXBuildFile; fileRef = AC03B4D828388C3100409AB3 /* RSJavLibraryTasks.swift */; };
		AC03B4DB28388C5100409AB3 /* RSJavLibraryActorFetcher.swift in Sources */ = {isa = PBXBuildFile; fileRef = AC03B4DA28388C5100409AB3 /* RSJavLibraryActorFetcher.swift */; };
		AC03B4DD28388C5E00409AB3 /* RSJavLibraryTool.swift in Sources */ = {isa = PBXBuildFile; fileRef = AC03B4DC28388C5E00409AB3 /* RSJavLibraryTool.swift */; };
		AC0CA1BB28225D8500C1268F /* AppDelegate.swift in Sources */ = {isa = PBXBuildFile; fileRef = AC0CA1BA28225D8500C1268F /* AppDelegate.swift */; };
		AC0CA1BD28225D8500C1268F /* ViewController.swift in Sources */ = {isa = PBXBuildFile; fileRef = AC0CA1BC28225D8500C1268F /* ViewController.swift */; };
		AC0CA1BF28225D8600C1268F /* Assets.xcassets in Resources */ = {isa = PBXBuildFile; fileRef = AC0CA1BE28225D8600C1268F /* Assets.xcassets */; };
		AC0CA1C228225D8600C1268F /* Main.storyboard in Resources */ = {isa = PBXBuildFile; fileRef = AC0CA1C028225D8600C1268F /* Main.storyboard */; };
		AC0CA1CD28225D8600C1268F /* Resource_StudioTests.swift in Sources */ = {isa = PBXBuildFile; fileRef = AC0CA1CC28225D8600C1268F /* Resource_StudioTests.swift */; };
		AC0CA1D728225D8600C1268F /* Resource_StudioUITests.swift in Sources */ = {isa = PBXBuildFile; fileRef = AC0CA1D628225D8600C1268F /* Resource_StudioUITests.swift */; };
		AC0CA1D928225D8600C1268F /* Resource_StudioUITestsLaunchTests.swift in Sources */ = {isa = PBXBuildFile; fileRef = AC0CA1D828225D8600C1268F /* Resource_StudioUITestsLaunchTests.swift */; };
		AC0CA20628225F2100C1268F /* GYLogManager.swift in Sources */ = {isa = PBXBuildFile; fileRef = AC0CA1E828225F2100C1268F /* GYLogManager.swift */; };
		AC0CA20728225F2100C1268F /* GYLogFormatters.swift in Sources */ = {isa = PBXBuildFile; fileRef = AC0CA1E928225F2100C1268F /* GYLogFormatters.swift */; };
		AC0CA20828225F2100C1268F /* GYLog.swift in Sources */ = {isa = PBXBuildFile; fileRef = AC0CA1EA28225F2100C1268F /* GYLog.swift */; };
		AC0CA20A28225F2100C1268F /* GYFileManager.swift in Sources */ = {isa = PBXBuildFile; fileRef = AC0CA1ED28225F2100C1268F /* GYFileManager.swift */; };
		AC0CA20B28225F2100C1268F /* GYAlamofire.swift in Sources */ = {isa = PBXBuildFile; fileRef = AC0CA1EF28225F2100C1268F /* GYAlamofire.swift */; };
		AC0CA20C28225F2100C1268F /* GYHTTPServerTrustManager.swift in Sources */ = {isa = PBXBuildFile; fileRef = AC0CA1F128225F2100C1268F /* GYHTTPServerTrustManager.swift */; };
		AC0CA20D28225F2100C1268F /* GYHTTPEventMonitor.swift in Sources */ = {isa = PBXBuildFile; fileRef = AC0CA1F228225F2100C1268F /* GYHTTPEventMonitor.swift */; };
		AC0CA20E28225F2100C1268F /* GYHTTPRequestAdapter.swift in Sources */ = {isa = PBXBuildFile; fileRef = AC0CA1F328225F2100C1268F /* GYHTTPRequestAdapter.swift */; };
		AC0CA20F28225F2100C1268F /* GYHTTPPrinter.swift in Sources */ = {isa = PBXBuildFile; fileRef = AC0CA1F428225F2100C1268F /* GYHTTPPrinter.swift */; };
		AC0CA21028225F2100C1268F /* GYHTTPProtocols.swift in Sources */ = {isa = PBXBuildFile; fileRef = AC0CA1F528225F2100C1268F /* GYHTTPProtocols.swift */; };
		AC0CA21128225F2100C1268F /* GYHTTPBaseResponse.swift in Sources */ = {isa = PBXBuildFile; fileRef = AC0CA1F728225F2100C1268F /* GYHTTPBaseResponse.swift */; };
		AC0CA21228225F2100C1268F /* GYHTTPBaseTasks.swift in Sources */ = {isa = PBXBuildFile; fileRef = AC0CA1F828225F2100C1268F /* GYHTTPBaseTasks.swift */; };
		AC0CA21328225F2100C1268F /* GYHTTPDataTask.swift in Sources */ = {isa = PBXBuildFile; fileRef = AC0CA1F928225F2100C1268F /* GYHTTPDataTask.swift */; };
		AC0CA21428225F2100C1268F /* GYHTTPBaseRequest.swift in Sources */ = {isa = PBXBuildFile; fileRef = AC0CA1FA28225F2100C1268F /* GYHTTPBaseRequest.swift */; };
		AC0CA21528225F2100C1268F /* GYHTTPBaseModel.swift in Sources */ = {isa = PBXBuildFile; fileRef = AC0CA1FB28225F2100C1268F /* GYHTTPBaseModel.swift */; };
		AC0CA21628225F2100C1268F /* GYConsts.swift in Sources */ = {isa = PBXBuildFile; fileRef = AC0CA1FC28225F2100C1268F /* GYConsts.swift */; };
		AC0CA21828225F2100C1268F /* String+GYSubscript.swift in Sources */ = {isa = PBXBuildFile; fileRef = AC0CA1FF28225F2100C1268F /* String+GYSubscript.swift */; };
		ACD32880282F4947008F6D7E /* GYBase.swift in Sources */ = {isa = PBXBuildFile; fileRef = ACD3287F282F4947008F6D7E /* GYBase.swift */; };
		ACD32886282F570E008F6D7E /* GYDownloladConst.swift in Sources */ = {isa = PBXBuildFile; fileRef = ACD32885282F570E008F6D7E /* GYDownloladConst.swift */; };
		ACD32888282F5756008F6D7E /* GYDownloader.swift in Sources */ = {isa = PBXBuildFile; fileRef = ACD32887282F5756008F6D7E /* GYDownloader.swift */; };
		ACD3288A282F577A008F6D7E /* GYDownloadSetting.swift in Sources */ = {isa = PBXBuildFile; fileRef = ACD32889282F577A008F6D7E /* GYDownloadSetting.swift */; };
		ACD3288C282F5B08008F6D7E /* RSUIManager.swift in Sources */ = {isa = PBXBuildFile; fileRef = ACD3288B282F5B08008F6D7E /* RSUIManager.swift */; };
		ACD3288E282F80BE008F6D7E /* GYDownloadSettings.swift in Sources */ = {isa = PBXBuildFile; fileRef = ACD3288D282F80BE008F6D7E /* GYDownloadSettings.swift */; };
		ACD32892282FA629008F6D7E /* RSBaseBridging.m in Sources */ = {isa = PBXBuildFile; fileRef = ACD32891282FA629008F6D7E /* RSBaseBridging.m */; };
		ACD32896282FADAE008F6D7E /* RSMenuItemDispatcher.swift in Sources */ = {isa = PBXBuildFile; fileRef = ACD32895282FADAE008F6D7E /* RSMenuItemDispatcher.swift */; };
		ACD32898282FADBC008F6D7E /* RSMenuItemDownloadDispatcher.swift in Sources */ = {isa = PBXBuildFile; fileRef = ACD32897282FADBC008F6D7E /* RSMenuItemDownloadDispatcher.swift */; };
		ACD3289A282FB33F008F6D7E /* WindowController.swift in Sources */ = {isa = PBXBuildFile; fileRef = ACD32899282FB33F008F6D7E /* WindowController.swift */; };
		ACD3289C282FCA2A008F6D7E /* RSGigaTagInfoFetcher.swift in Sources */ = {isa = PBXBuildFile; fileRef = ACD3289B282FCA2A008F6D7E /* RSGigaTagInfoFetcher.swift */; };
		ACD3289E282FF025008F6D7E /* GYBase+macOS.swift in Sources */ = {isa = PBXBuildFile; fileRef = ACD3289D282FF025008F6D7E /* GYBase+macOS.swift */; };
		ACD328A1282FF049008F6D7E /* GYOpenPanelConfigure.swift in Sources */ = {isa = PBXBuildFile; fileRef = ACD328A0282FF049008F6D7E /* GYOpenPanelConfigure.swift */; };
		ACD328A3282FF1B3008F6D7E /* GYOpenPanelManager.swift in Sources */ = {isa = PBXBuildFile; fileRef = ACD328A2282FF1B3008F6D7E /* GYOpenPanelManager.swift */; };
		ACD328A5282FF6C4008F6D7E /* GYDownloadManager.swift in Sources */ = {isa = PBXBuildFile; fileRef = ACD328A4282FF6C4008F6D7E /* GYDownloadManager.swift */; };
		ACD328A7282FFDE1008F6D7E /* GYDownloadHolder.swift in Sources */ = {isa = PBXBuildFile; fileRef = ACD328A6282FFDE1008F6D7E /* GYDownloadHolder.swift */; };
		ACD328A928300109008F6D7E /* RSGigaTool.swift in Sources */ = {isa = PBXBuildFile; fileRef = ACD328A828300109008F6D7E /* RSGigaTool.swift */; };
		ACDAE639282D49CE0042F54E /* GYHTTPRequestRetrier.swift in Sources */ = {isa = PBXBuildFile; fileRef = ACDAE638282D49CE0042F54E /* GYHTTPRequestRetrier.swift */; };
		ACDAE63B282D4ED20042F54E /* GYBaseMacro.swift in Sources */ = {isa = PBXBuildFile; fileRef = ACDAE63A282D4ED20042F54E /* GYBaseMacro.swift */; };
		ACDDE654282E9EB600EDA877 /* RSGigaTagRsp.swift in Sources */ = {isa = PBXBuildFile; fileRef = ACDDE653282E9EB600EDA877 /* RSGigaTagRsp.swift */; };
		ACDDE656282E9EC800EDA877 /* RSGigaTagReq.swift in Sources */ = {isa = PBXBuildFile; fileRef = ACDDE655282E9EC800EDA877 /* RSGigaTagReq.swift */; };
		ACDDE658282E9ED900EDA877 /* RSGigaTasks.swift in Sources */ = {isa = PBXBuildFile; fileRef = ACDDE657282E9ED900EDA877 /* RSGigaTasks.swift */; };
		ACDDE65A282EA45A00EDA877 /* GYHTTPBaseHTMLResponse.swift in Sources */ = {isa = PBXBuildFile; fileRef = ACDDE659282EA45A00EDA877 /* GYHTTPBaseHTMLResponse.swift */; };
		ACDDE65C282EB4EC00EDA877 /* RSAppManager.swift in Sources */ = {isa = PBXBuildFile; fileRef = ACDDE65B282EB4EC00EDA877 /* RSAppManager.swift */; };
		ACDDE660282EC1E300EDA877 /* GYHTTPCookie.swift in Sources */ = {isa = PBXBuildFile; fileRef = ACDDE65F282EC1E300EDA877 /* GYHTTPCookie.swift */; };
		ACDE1A722837DCE500CE0C26 /* GYURLMacro.swift in Sources */ = {isa = PBXBuildFile; fileRef = ACDE1A712837DCE500CE0C26 /* GYURLMacro.swift */; };
		ACDE1A742837DE1200CE0C26 /* GYOpenPanelDefinition.swift in Sources */ = {isa = PBXBuildFile; fileRef = ACDE1A732837DE1200CE0C26 /* GYOpenPanelDefinition.swift */; };
		ACDFA306282BDB5500B0D010 /* GYHTTPDataRequest.swift in Sources */ = {isa = PBXBuildFile; fileRef = AC0607DB2829406600E642AF /* GYHTTPDataRequest.swift */; };
		ACECED40283529B900547508 /* GYErrorDefinition.swift in Sources */ = {isa = PBXBuildFile; fileRef = ACECED3D283529B900547508 /* GYErrorDefinition.swift */; };
		ACECED41283529B900547508 /* GYLogDefinition.swift in Sources */ = {isa = PBXBuildFile; fileRef = ACECED3E283529B900547508 /* GYLogDefinition.swift */; };
		ACECED42283529B900547508 /* GYFileDefinition.swift in Sources */ = {isa = PBXBuildFile; fileRef = ACECED3F283529B900547508 /* GYFileDefinition.swift */; };
		ACECED8A28352CB000547508 /* NSError+GYExtension.swift in Sources */ = {isa = PBXBuildFile; fileRef = ACECED8428352CB000547508 /* NSError+GYExtension.swift */; };
		ACECED8B28352CB000547508 /* Dictionary+GYExtension.swift in Sources */ = {isa = PBXBuildFile; fileRef = ACECED8528352CB000547508 /* Dictionary+GYExtension.swift */; };
		ACECED8C28352CB000547508 /* Character+GYExtension.swift in Sources */ = {isa = PBXBuildFile; fileRef = ACECED8628352CB000547508 /* Character+GYExtension.swift */; };
		ACECED8D28352CB000547508 /* Array+GYExtension.swift in Sources */ = {isa = PBXBuildFile; fileRef = ACECED8728352CB000547508 /* Array+GYExtension.swift */; };
		ACECED8E28352CB000547508 /* String+GYExtension.swift in Sources */ = {isa = PBXBuildFile; fileRef = ACECED8828352CB000547508 /* String+GYExtension.swift */; };
		ACECED8F28352CB000547508 /* Date+GYExtension.swift in Sources */ = {isa = PBXBuildFile; fileRef = ACECED8928352CB000547508 /* Date+GYExtension.swift */; };
		ACFC6CA0282C0AC400AC0EE8 /* GYOperators.swift in Sources */ = {isa = PBXBuildFile; fileRef = ACFC6C9F282C0AC400AC0EE8 /* GYOperators.swift */; };
		ACFD9C7E2833EA6800306D98 /* GYJSONMacro.swift in Sources */ = {isa = PBXBuildFile; fileRef = ACFD9C7D2833EA6800306D98 /* GYJSONMacro.swift */; };
		ACFD9C802833EBCB00306D98 /* GYStringMacro.swift in Sources */ = {isa = PBXBuildFile; fileRef = ACFD9C7F2833EBCB00306D98 /* GYStringMacro.swift */; };
		ACFD9C822833EC2800306D98 /* GYTimeMacro.swift in Sources */ = {isa = PBXBuildFile; fileRef = ACFD9C812833EC2800306D98 /* GYTimeMacro.swift */; };
		ACFD9C872833EC6C00306D98 /* GYLocalizationConst.swift in Sources */ = {isa = PBXBuildFile; fileRef = ACFD9C842833EC6C00306D98 /* GYLocalizationConst.swift */; };
		ACFD9C882833EC6C00306D98 /* GYLocalizationLoader.swift in Sources */ = {isa = PBXBuildFile; fileRef = ACFD9C852833EC6C00306D98 /* GYLocalizationLoader.swift */; };
		ACFD9C892833EC6C00306D98 /* GYLocalizationResource.bundle in Resources */ = {isa = PBXBuildFile; fileRef = ACFD9C862833EC6C00306D98 /* GYLocalizationResource.bundle */; };
		ACFD9C8B2833F1C400306D98 /* GYConsts+macOS.swift in Sources */ = {isa = PBXBuildFile; fileRef = ACFD9C8A2833F1C400306D98 /* GYConsts+macOS.swift */; };
/* End PBXBuildFile section */

/* Begin PBXContainerItemProxy section */
		AC0CA1C928225D8600C1268F /* PBXContainerItemProxy */ = {
			isa = PBXContainerItemProxy;
			containerPortal = AC0CA1AF28225D8500C1268F /* Project object */;
			proxyType = 1;
			remoteGlobalIDString = AC0CA1B628225D8500C1268F;
			remoteInfo = "Resource Studio";
		};
		AC0CA1D328225D8600C1268F /* PBXContainerItemProxy */ = {
			isa = PBXContainerItemProxy;
			containerPortal = AC0CA1AF28225D8500C1268F /* Project object */;
			proxyType = 1;
			remoteGlobalIDString = AC0CA1B628225D8500C1268F;
			remoteInfo = "Resource Studio";
		};
/* End PBXContainerItemProxy section */

/* Begin PBXFileReference section */
		0AC62D478385B6F6517E148D /* Pods-Resource Studio.debug.xcconfig */ = {isa = PBXFileReference; includeInIndex = 1; lastKnownFileType = text.xcconfig; name = "Pods-Resource Studio.debug.xcconfig"; path = "Target Support Files/Pods-Resource Studio/Pods-Resource Studio.debug.xcconfig"; sourceTree = "<group>"; };
		0F24121A3FE890F4DA7B4688 /* Pods_Resource_Studio.framework */ = {isa = PBXFileReference; explicitFileType = wrapper.framework; includeInIndex = 0; path = Pods_Resource_Studio.framework; sourceTree = BUILT_PRODUCTS_DIR; };
		AC0167E228328D4F000E4C61 /* Array+GYSubscript.swift */ = {isa = PBXFileReference; lastKnownFileType = sourcecode.swift; path = "Array+GYSubscript.swift"; sourceTree = "<group>"; };
		AC03B4D428388C0F00409AB3 /* RSJavLibraryActorReq.swift */ = {isa = PBXFileReference; lastKnownFileType = sourcecode.swift; path = RSJavLibraryActorReq.swift; sourceTree = "<group>"; };
		AC03B4D628388C2100409AB3 /* RSJavLibraryActorRsp.swift */ = {isa = PBXFileReference; lastKnownFileType = sourcecode.swift; path = RSJavLibraryActorRsp.swift; sourceTree = "<group>"; };
		AC03B4D828388C3100409AB3 /* RSJavLibraryTasks.swift */ = {isa = PBXFileReference; lastKnownFileType = sourcecode.swift; path = RSJavLibraryTasks.swift; sourceTree = "<group>"; };
		AC03B4DA28388C5100409AB3 /* RSJavLibraryActorFetcher.swift */ = {isa = PBXFileReference; lastKnownFileType = sourcecode.swift; path = RSJavLibraryActorFetcher.swift; sourceTree = "<group>"; };
		AC03B4DC28388C5E00409AB3 /* RSJavLibraryTool.swift */ = {isa = PBXFileReference; lastKnownFileType = sourcecode.swift; path = RSJavLibraryTool.swift; sourceTree = "<group>"; };
		AC0607DB2829406600E642AF /* GYHTTPDataRequest.swift */ = {isa = PBXFileReference; lastKnownFileType = sourcecode.swift; path = GYHTTPDataRequest.swift; sourceTree = "<group>"; };
		AC0CA1B728225D8500C1268F /* Resource Studio.app */ = {isa = PBXFileReference; explicitFileType = wrapper.application; includeInIndex = 0; path = "Resource Studio.app"; sourceTree = BUILT_PRODUCTS_DIR; };
		AC0CA1BA28225D8500C1268F /* AppDelegate.swift */ = {isa = PBXFileReference; lastKnownFileType = sourcecode.swift; path = AppDelegate.swift; sourceTree = "<group>"; };
		AC0CA1BC28225D8500C1268F /* ViewController.swift */ = {isa = PBXFileReference; lastKnownFileType = sourcecode.swift; path = ViewController.swift; sourceTree = "<group>"; };
		AC0CA1BE28225D8600C1268F /* Assets.xcassets */ = {isa = PBXFileReference; lastKnownFileType = folder.assetcatalog; path = Assets.xcassets; sourceTree = "<group>"; };
		AC0CA1C128225D8600C1268F /* Base */ = {isa = PBXFileReference; lastKnownFileType = file.storyboard; name = Base; path = Base.lproj/Main.storyboard; sourceTree = "<group>"; };
		AC0CA1C328225D8600C1268F /* Resource_Studio.entitlements */ = {isa = PBXFileReference; lastKnownFileType = text.plist.entitlements; path = Resource_Studio.entitlements; sourceTree = "<group>"; };
		AC0CA1C828225D8600C1268F /* Resource StudioTests.xctest */ = {isa = PBXFileReference; explicitFileType = wrapper.cfbundle; includeInIndex = 0; path = "Resource StudioTests.xctest"; sourceTree = BUILT_PRODUCTS_DIR; };
		AC0CA1CC28225D8600C1268F /* Resource_StudioTests.swift */ = {isa = PBXFileReference; lastKnownFileType = sourcecode.swift; path = Resource_StudioTests.swift; sourceTree = "<group>"; };
		AC0CA1D228225D8600C1268F /* Resource StudioUITests.xctest */ = {isa = PBXFileReference; explicitFileType = wrapper.cfbundle; includeInIndex = 0; path = "Resource StudioUITests.xctest"; sourceTree = BUILT_PRODUCTS_DIR; };
		AC0CA1D628225D8600C1268F /* Resource_StudioUITests.swift */ = {isa = PBXFileReference; lastKnownFileType = sourcecode.swift; path = Resource_StudioUITests.swift; sourceTree = "<group>"; };
		AC0CA1D828225D8600C1268F /* Resource_StudioUITestsLaunchTests.swift */ = {isa = PBXFileReference; lastKnownFileType = sourcecode.swift; path = Resource_StudioUITestsLaunchTests.swift; sourceTree = "<group>"; };
		AC0CA1E828225F2100C1268F /* GYLogManager.swift */ = {isa = PBXFileReference; fileEncoding = 4; lastKnownFileType = sourcecode.swift; path = GYLogManager.swift; sourceTree = "<group>"; };
		AC0CA1E928225F2100C1268F /* GYLogFormatters.swift */ = {isa = PBXFileReference; fileEncoding = 4; lastKnownFileType = sourcecode.swift; path = GYLogFormatters.swift; sourceTree = "<group>"; };
		AC0CA1EA28225F2100C1268F /* GYLog.swift */ = {isa = PBXFileReference; fileEncoding = 4; lastKnownFileType = sourcecode.swift; path = GYLog.swift; sourceTree = "<group>"; };
		AC0CA1ED28225F2100C1268F /* GYFileManager.swift */ = {isa = PBXFileReference; fileEncoding = 4; lastKnownFileType = sourcecode.swift; path = GYFileManager.swift; sourceTree = "<group>"; };
		AC0CA1EF28225F2100C1268F /* GYAlamofire.swift */ = {isa = PBXFileReference; fileEncoding = 4; lastKnownFileType = sourcecode.swift; path = GYAlamofire.swift; sourceTree = "<group>"; };
		AC0CA1F128225F2100C1268F /* GYHTTPServerTrustManager.swift */ = {isa = PBXFileReference; fileEncoding = 4; lastKnownFileType = sourcecode.swift; path = GYHTTPServerTrustManager.swift; sourceTree = "<group>"; };
		AC0CA1F228225F2100C1268F /* GYHTTPEventMonitor.swift */ = {isa = PBXFileReference; fileEncoding = 4; lastKnownFileType = sourcecode.swift; path = GYHTTPEventMonitor.swift; sourceTree = "<group>"; };
		AC0CA1F328225F2100C1268F /* GYHTTPRequestAdapter.swift */ = {isa = PBXFileReference; fileEncoding = 4; lastKnownFileType = sourcecode.swift; path = GYHTTPRequestAdapter.swift; sourceTree = "<group>"; };
		AC0CA1F428225F2100C1268F /* GYHTTPPrinter.swift */ = {isa = PBXFileReference; fileEncoding = 4; lastKnownFileType = sourcecode.swift; path = GYHTTPPrinter.swift; sourceTree = "<group>"; };
		AC0CA1F528225F2100C1268F /* GYHTTPProtocols.swift */ = {isa = PBXFileReference; fileEncoding = 4; lastKnownFileType = sourcecode.swift; path = GYHTTPProtocols.swift; sourceTree = "<group>"; };
		AC0CA1F728225F2100C1268F /* GYHTTPBaseResponse.swift */ = {isa = PBXFileReference; fileEncoding = 4; lastKnownFileType = sourcecode.swift; path = GYHTTPBaseResponse.swift; sourceTree = "<group>"; };
		AC0CA1F828225F2100C1268F /* GYHTTPBaseTasks.swift */ = {isa = PBXFileReference; fileEncoding = 4; lastKnownFileType = sourcecode.swift; path = GYHTTPBaseTasks.swift; sourceTree = "<group>"; };
		AC0CA1F928225F2100C1268F /* GYHTTPDataTask.swift */ = {isa = PBXFileReference; fileEncoding = 4; lastKnownFileType = sourcecode.swift; path = GYHTTPDataTask.swift; sourceTree = "<group>"; };
		AC0CA1FA28225F2100C1268F /* GYHTTPBaseRequest.swift */ = {isa = PBXFileReference; fileEncoding = 4; lastKnownFileType = sourcecode.swift; path = GYHTTPBaseRequest.swift; sourceTree = "<group>"; };
		AC0CA1FB28225F2100C1268F /* GYHTTPBaseModel.swift */ = {isa = PBXFileReference; fileEncoding = 4; lastKnownFileType = sourcecode.swift; path = GYHTTPBaseModel.swift; sourceTree = "<group>"; };
		AC0CA1FC28225F2100C1268F /* GYConsts.swift */ = {isa = PBXFileReference; fileEncoding = 4; lastKnownFileType = sourcecode.swift; path = GYConsts.swift; sourceTree = "<group>"; };
		AC0CA1FF28225F2100C1268F /* String+GYSubscript.swift */ = {isa = PBXFileReference; fileEncoding = 4; lastKnownFileType = sourcecode.swift; path = "String+GYSubscript.swift"; sourceTree = "<group>"; };
		ACD3287F282F4947008F6D7E /* GYBase.swift */ = {isa = PBXFileReference; lastKnownFileType = sourcecode.swift; path = GYBase.swift; sourceTree = "<group>"; };
		ACD32885282F570E008F6D7E /* GYDownloladConst.swift */ = {isa = PBXFileReference; lastKnownFileType = sourcecode.swift; path = GYDownloladConst.swift; sourceTree = "<group>"; };
		ACD32887282F5756008F6D7E /* GYDownloader.swift */ = {isa = PBXFileReference; lastKnownFileType = sourcecode.swift; path = GYDownloader.swift; sourceTree = "<group>"; };
		ACD32889282F577A008F6D7E /* GYDownloadSetting.swift */ = {isa = PBXFileReference; lastKnownFileType = sourcecode.swift; path = GYDownloadSetting.swift; sourceTree = "<group>"; };
		ACD3288B282F5B08008F6D7E /* RSUIManager.swift */ = {isa = PBXFileReference; lastKnownFileType = sourcecode.swift; path = RSUIManager.swift; sourceTree = "<group>"; };
		ACD3288D282F80BE008F6D7E /* GYDownloadSettings.swift */ = {isa = PBXFileReference; lastKnownFileType = sourcecode.swift; path = GYDownloadSettings.swift; sourceTree = "<group>"; };
		ACD32890282FA629008F6D7E /* Resource Studio-Bridging-Header.h */ = {isa = PBXFileReference; lastKnownFileType = sourcecode.c.h; path = "Resource Studio-Bridging-Header.h"; sourceTree = "<group>"; };
		ACD32891282FA629008F6D7E /* RSBaseBridging.m */ = {isa = PBXFileReference; lastKnownFileType = sourcecode.c.objc; path = RSBaseBridging.m; sourceTree = "<group>"; };
		ACD32893282FA640008F6D7E /* RSBaseBridging.h */ = {isa = PBXFileReference; lastKnownFileType = sourcecode.c.h; path = RSBaseBridging.h; sourceTree = "<group>"; };
		ACD32895282FADAE008F6D7E /* RSMenuItemDispatcher.swift */ = {isa = PBXFileReference; lastKnownFileType = sourcecode.swift; path = RSMenuItemDispatcher.swift; sourceTree = "<group>"; };
		ACD32897282FADBC008F6D7E /* RSMenuItemDownloadDispatcher.swift */ = {isa = PBXFileReference; lastKnownFileType = sourcecode.swift; path = RSMenuItemDownloadDispatcher.swift; sourceTree = "<group>"; };
		ACD32899282FB33F008F6D7E /* WindowController.swift */ = {isa = PBXFileReference; lastKnownFileType = sourcecode.swift; path = WindowController.swift; sourceTree = "<group>"; };
		ACD3289B282FCA2A008F6D7E /* RSGigaTagInfoFetcher.swift */ = {isa = PBXFileReference; lastKnownFileType = sourcecode.swift; path = RSGigaTagInfoFetcher.swift; sourceTree = "<group>"; };
		ACD3289D282FF025008F6D7E /* GYBase+macOS.swift */ = {isa = PBXFileReference; lastKnownFileType = sourcecode.swift; path = "GYBase+macOS.swift"; sourceTree = "<group>"; };
		ACD328A0282FF049008F6D7E /* GYOpenPanelConfigure.swift */ = {isa = PBXFileReference; lastKnownFileType = sourcecode.swift; path = GYOpenPanelConfigure.swift; sourceTree = "<group>"; };
		ACD328A2282FF1B3008F6D7E /* GYOpenPanelManager.swift */ = {isa = PBXFileReference; lastKnownFileType = sourcecode.swift; path = GYOpenPanelManager.swift; sourceTree = "<group>"; };
		ACD328A4282FF6C4008F6D7E /* GYDownloadManager.swift */ = {isa = PBXFileReference; lastKnownFileType = sourcecode.swift; path = GYDownloadManager.swift; sourceTree = "<group>"; };
		ACD328A6282FFDE1008F6D7E /* GYDownloadHolder.swift */ = {isa = PBXFileReference; lastKnownFileType = sourcecode.swift; path = GYDownloadHolder.swift; sourceTree = "<group>"; };
		ACD328A828300109008F6D7E /* RSGigaTool.swift */ = {isa = PBXFileReference; lastKnownFileType = sourcecode.swift; path = RSGigaTool.swift; sourceTree = "<group>"; };
		ACDAE638282D49CE0042F54E /* GYHTTPRequestRetrier.swift */ = {isa = PBXFileReference; lastKnownFileType = sourcecode.swift; path = GYHTTPRequestRetrier.swift; sourceTree = "<group>"; };
		ACDAE63A282D4ED20042F54E /* GYBaseMacro.swift */ = {isa = PBXFileReference; lastKnownFileType = sourcecode.swift; path = GYBaseMacro.swift; sourceTree = "<group>"; };
		ACDDE652282E9D3A00EDA877 /* Resource-Studio-Info.plist */ = {isa = PBXFileReference; lastKnownFileType = text.plist; path = "Resource-Studio-Info.plist"; sourceTree = SOURCE_ROOT; };
		ACDDE653282E9EB600EDA877 /* RSGigaTagRsp.swift */ = {isa = PBXFileReference; lastKnownFileType = sourcecode.swift; path = RSGigaTagRsp.swift; sourceTree = "<group>"; };
		ACDDE655282E9EC800EDA877 /* RSGigaTagReq.swift */ = {isa = PBXFileReference; lastKnownFileType = sourcecode.swift; path = RSGigaTagReq.swift; sourceTree = "<group>"; };
		ACDDE657282E9ED900EDA877 /* RSGigaTasks.swift */ = {isa = PBXFileReference; lastKnownFileType = sourcecode.swift; path = RSGigaTasks.swift; sourceTree = "<group>"; };
		ACDDE659282EA45A00EDA877 /* GYHTTPBaseHTMLResponse.swift */ = {isa = PBXFileReference; lastKnownFileType = sourcecode.swift; path = GYHTTPBaseHTMLResponse.swift; sourceTree = "<group>"; };
		ACDDE65B282EB4EC00EDA877 /* RSAppManager.swift */ = {isa = PBXFileReference; lastKnownFileType = sourcecode.swift; path = RSAppManager.swift; sourceTree = "<group>"; };
		ACDDE65F282EC1E300EDA877 /* GYHTTPCookie.swift */ = {isa = PBXFileReference; lastKnownFileType = sourcecode.swift; path = GYHTTPCookie.swift; sourceTree = "<group>"; };
		ACDE1A712837DCE500CE0C26 /* GYURLMacro.swift */ = {isa = PBXFileReference; lastKnownFileType = sourcecode.swift; path = GYURLMacro.swift; sourceTree = "<group>"; };
		ACDE1A732837DE1200CE0C26 /* GYOpenPanelDefinition.swift */ = {isa = PBXFileReference; lastKnownFileType = sourcecode.swift; path = GYOpenPanelDefinition.swift; sourceTree = "<group>"; };
		ACECED3D283529B900547508 /* GYErrorDefinition.swift */ = {isa = PBXFileReference; fileEncoding = 4; lastKnownFileType = sourcecode.swift; path = GYErrorDefinition.swift; sourceTree = "<group>"; };
		ACECED3E283529B900547508 /* GYLogDefinition.swift */ = {isa = PBXFileReference; fileEncoding = 4; lastKnownFileType = sourcecode.swift; path = GYLogDefinition.swift; sourceTree = "<group>"; };
		ACECED3F283529B900547508 /* GYFileDefinition.swift */ = {isa = PBXFileReference; fileEncoding = 4; lastKnownFileType = sourcecode.swift; path = GYFileDefinition.swift; sourceTree = "<group>"; };
		ACECED8428352CB000547508 /* NSError+GYExtension.swift */ = {isa = PBXFileReference; fileEncoding = 4; lastKnownFileType = sourcecode.swift; path = "NSError+GYExtension.swift"; sourceTree = "<group>"; };
		ACECED8528352CB000547508 /* Dictionary+GYExtension.swift */ = {isa = PBXFileReference; fileEncoding = 4; lastKnownFileType = sourcecode.swift; path = "Dictionary+GYExtension.swift"; sourceTree = "<group>"; };
		ACECED8628352CB000547508 /* Character+GYExtension.swift */ = {isa = PBXFileReference; fileEncoding = 4; lastKnownFileType = sourcecode.swift; path = "Character+GYExtension.swift"; sourceTree = "<group>"; };
		ACECED8728352CB000547508 /* Array+GYExtension.swift */ = {isa = PBXFileReference; fileEncoding = 4; lastKnownFileType = sourcecode.swift; path = "Array+GYExtension.swift"; sourceTree = "<group>"; };
		ACECED8828352CB000547508 /* String+GYExtension.swift */ = {isa = PBXFileReference; fileEncoding = 4; lastKnownFileType = sourcecode.swift; path = "String+GYExtension.swift"; sourceTree = "<group>"; };
		ACECED8928352CB000547508 /* Date+GYExtension.swift */ = {isa = PBXFileReference; fileEncoding = 4; lastKnownFileType = sourcecode.swift; path = "Date+GYExtension.swift"; sourceTree = "<group>"; };
		ACFC6C9F282C0AC400AC0EE8 /* GYOperators.swift */ = {isa = PBXFileReference; lastKnownFileType = sourcecode.swift; path = GYOperators.swift; sourceTree = "<group>"; };
		ACFD9C7D2833EA6800306D98 /* GYJSONMacro.swift */ = {isa = PBXFileReference; lastKnownFileType = sourcecode.swift; path = GYJSONMacro.swift; sourceTree = "<group>"; };
		ACFD9C7F2833EBCB00306D98 /* GYStringMacro.swift */ = {isa = PBXFileReference; lastKnownFileType = sourcecode.swift; path = GYStringMacro.swift; sourceTree = "<group>"; };
		ACFD9C812833EC2800306D98 /* GYTimeMacro.swift */ = {isa = PBXFileReference; lastKnownFileType = sourcecode.swift; path = GYTimeMacro.swift; sourceTree = "<group>"; };
		ACFD9C842833EC6C00306D98 /* GYLocalizationConst.swift */ = {isa = PBXFileReference; fileEncoding = 4; lastKnownFileType = sourcecode.swift; path = GYLocalizationConst.swift; sourceTree = "<group>"; };
		ACFD9C852833EC6C00306D98 /* GYLocalizationLoader.swift */ = {isa = PBXFileReference; fileEncoding = 4; lastKnownFileType = sourcecode.swift; path = GYLocalizationLoader.swift; sourceTree = "<group>"; };
		ACFD9C862833EC6C00306D98 /* GYLocalizationResource.bundle */ = {isa = PBXFileReference; lastKnownFileType = "wrapper.plug-in"; path = GYLocalizationResource.bundle; sourceTree = "<group>"; };
		ACFD9C8A2833F1C400306D98 /* GYConsts+macOS.swift */ = {isa = PBXFileReference; lastKnownFileType = sourcecode.swift; path = "GYConsts+macOS.swift"; sourceTree = "<group>"; };
		E02790C597E955320F765940 /* Pods-Resource Studio.release.xcconfig */ = {isa = PBXFileReference; includeInIndex = 1; lastKnownFileType = text.xcconfig; name = "Pods-Resource Studio.release.xcconfig"; path = "Target Support Files/Pods-Resource Studio/Pods-Resource Studio.release.xcconfig"; sourceTree = "<group>"; };
/* End PBXFileReference section */

/* Begin PBXFrameworksBuildPhase section */
		AC0CA1B428225D8500C1268F /* Frameworks */ = {
			isa = PBXFrameworksBuildPhase;
			buildActionMask = 2147483647;
			files = (
				92C9D1CE5A038F292150475F /* Pods_Resource_Studio.framework in Frameworks */,
			);
			runOnlyForDeploymentPostprocessing = 0;
		};
		AC0CA1C528225D8600C1268F /* Frameworks */ = {
			isa = PBXFrameworksBuildPhase;
			buildActionMask = 2147483647;
			files = (
			);
			runOnlyForDeploymentPostprocessing = 0;
		};
		AC0CA1CF28225D8600C1268F /* Frameworks */ = {
			isa = PBXFrameworksBuildPhase;
			buildActionMask = 2147483647;
			files = (
			);
			runOnlyForDeploymentPostprocessing = 0;
		};
/* End PBXFrameworksBuildPhase section */

/* Begin PBXGroup section */
		876D055322CDC34B35173BB4 /* Frameworks */ = {
			isa = PBXGroup;
			children = (
				0F24121A3FE890F4DA7B4688 /* Pods_Resource_Studio.framework */,
			);
			name = Frameworks;
			sourceTree = "<group>";
		};
		AC03B4D328388AA200409AB3 /* JavLibrary */ = {
			isa = PBXGroup;
			children = (
				AC03B4DA28388C5100409AB3 /* RSJavLibraryActorFetcher.swift */,
				AC03B4DC28388C5E00409AB3 /* RSJavLibraryTool.swift */,
				AC03B4DE28388C6300409AB3 /* API */,
			);
			path = JavLibrary;
			sourceTree = "<group>";
		};
		AC03B4DE28388C6300409AB3 /* API */ = {
			isa = PBXGroup;
			children = (
				AC03B4D828388C3100409AB3 /* RSJavLibraryTasks.swift */,
				AC03B4D428388C0F00409AB3 /* RSJavLibraryActorReq.swift */,
				AC03B4D628388C2100409AB3 /* RSJavLibraryActorRsp.swift */,
			);
			path = API;
			sourceTree = "<group>";
		};
		AC0CA1AE28225D8500C1268F = {
			isa = PBXGroup;
			children = (
				AC0CA1B928225D8500C1268F /* Resource Studio */,
				AC0CA1CB28225D8600C1268F /* Resource StudioTests */,
				AC0CA1D528225D8600C1268F /* Resource StudioUITests */,
				AC0CA1B828225D8500C1268F /* Products */,
				C5685BCE40C8708AB7D6AC04 /* Pods */,
				876D055322CDC34B35173BB4 /* Frameworks */,
			);
			sourceTree = "<group>";
		};
		AC0CA1B828225D8500C1268F /* Products */ = {
			isa = PBXGroup;
			children = (
				AC0CA1B728225D8500C1268F /* Resource Studio.app */,
				AC0CA1C828225D8600C1268F /* Resource StudioTests.xctest */,
				AC0CA1D228225D8600C1268F /* Resource StudioUITests.xctest */,
			);
			name = Products;
			sourceTree = "<group>";
		};
		AC0CA1B928225D8500C1268F /* Resource Studio */ = {
			isa = PBXGroup;
			children = (
				AC0CA1BA28225D8500C1268F /* AppDelegate.swift */,
				ACD32899282FB33F008F6D7E /* WindowController.swift */,
				AC0CA1BC28225D8500C1268F /* ViewController.swift */,
				AC0CA1BE28225D8600C1268F /* Assets.xcassets */,
				AC0CA1C028225D8600C1268F /* Main.storyboard */,
				AC0CA1C328225D8600C1268F /* Resource_Studio.entitlements */,
				ACDDE652282E9D3A00EDA877 /* Resource-Studio-Info.plist */,
				ACD32881282F524E008F6D7E /* Universal */,
				ACDDE64A282E9AED00EDA877 /* Main */,
				AC0CA1E528225F2100C1268F /* common */,
				ACFF138B282809C9003B7118 /* macOS */,
				ACD3288F282FA5EB008F6D7E /* Objective-C Bridging */,
			);
			path = "Resource Studio";
			sourceTree = "<group>";
		};
		AC0CA1CB28225D8600C1268F /* Resource StudioTests */ = {
			isa = PBXGroup;
			children = (
				AC0CA1CC28225D8600C1268F /* Resource_StudioTests.swift */,
			);
			path = "Resource StudioTests";
			sourceTree = "<group>";
		};
		AC0CA1D528225D8600C1268F /* Resource StudioUITests */ = {
			isa = PBXGroup;
			children = (
				AC0CA1D628225D8600C1268F /* Resource_StudioUITests.swift */,
				AC0CA1D828225D8600C1268F /* Resource_StudioUITestsLaunchTests.swift */,
			);
			path = "Resource StudioUITests";
			sourceTree = "<group>";
		};
		AC0CA1E528225F2100C1268F /* common */ = {
			isa = PBXGroup;
			children = (
				AC0CA20528225F2100C1268F /* Base */,
				AC0CA1E628225F2100C1268F /* Base Services */,
				AC0CA1FD28225F2100C1268F /* Extensions */,
				AC0CA1EC28225F2100C1268F /* Managers */,
				AC0CA1EE28225F2100C1268F /* Network */,
			);
			path = common;
			sourceTree = "<group>";
		};
		AC0CA1E628225F2100C1268F /* Base Services */ = {
			isa = PBXGroup;
			children = (
				AC0CA1E728225F2100C1268F /* Log */,
				ACFD9C832833EC6C00306D98 /* Localization */,
			);
			path = "Base Services";
			sourceTree = "<group>";
		};
		AC0CA1E728225F2100C1268F /* Log */ = {
			isa = PBXGroup;
			children = (
				AC0CA1EA28225F2100C1268F /* GYLog.swift */,
				AC0CA1E928225F2100C1268F /* GYLogFormatters.swift */,
				AC0CA1E828225F2100C1268F /* GYLogManager.swift */,
			);
			path = Log;
			sourceTree = "<group>";
		};
		AC0CA1EC28225F2100C1268F /* Managers */ = {
			isa = PBXGroup;
			children = (
				AC0CA1ED28225F2100C1268F /* GYFileManager.swift */,
			);
			path = Managers;
			sourceTree = "<group>";
		};
		AC0CA1EE28225F2100C1268F /* Network */ = {
			isa = PBXGroup;
			children = (
				AC0CA1F528225F2100C1268F /* GYHTTPProtocols.swift */,
				AC0CA1EF28225F2100C1268F /* GYAlamofire.swift */,
				AC0CA1F428225F2100C1268F /* GYHTTPPrinter.swift */,
				AC0CA1F628225F2100C1268F /* Data */,
				AC0CA1F028225F2100C1268F /* Logical */,
			);
			path = Network;
			sourceTree = "<group>";
		};
		AC0CA1F028225F2100C1268F /* Logical */ = {
			isa = PBXGroup;
			children = (
				AC0CA1F228225F2100C1268F /* GYHTTPEventMonitor.swift */,
				AC0CA1F328225F2100C1268F /* GYHTTPRequestAdapter.swift */,
				ACDAE638282D49CE0042F54E /* GYHTTPRequestRetrier.swift */,
				AC0CA1F128225F2100C1268F /* GYHTTPServerTrustManager.swift */,
			);
			path = Logical;
			sourceTree = "<group>";
		};
		AC0CA1F628225F2100C1268F /* Data */ = {
			isa = PBXGroup;
			children = (
				AC0CA1FB28225F2100C1268F /* GYHTTPBaseModel.swift */,
				AC0CA1FA28225F2100C1268F /* GYHTTPBaseRequest.swift */,
				AC0CA1F728225F2100C1268F /* GYHTTPBaseResponse.swift */,
				ACDDE659282EA45A00EDA877 /* GYHTTPBaseHTMLResponse.swift */,
				AC0607DB2829406600E642AF /* GYHTTPDataRequest.swift */,
				AC0CA1F928225F2100C1268F /* GYHTTPDataTask.swift */,
				AC0CA1F828225F2100C1268F /* GYHTTPBaseTasks.swift */,
				ACDDE65F282EC1E300EDA877 /* GYHTTPCookie.swift */,
			);
			path = Data;
			sourceTree = "<group>";
		};
		AC0CA1FD28225F2100C1268F /* Extensions */ = {
			isa = PBXGroup;
			children = (
				ACECED8728352CB000547508 /* Array+GYExtension.swift */,
				AC0167E228328D4F000E4C61 /* Array+GYSubscript.swift */,
				ACECED8628352CB000547508 /* Character+GYExtension.swift */,
				ACECED8928352CB000547508 /* Date+GYExtension.swift */,
				ACECED8528352CB000547508 /* Dictionary+GYExtension.swift */,
				ACECED8428352CB000547508 /* NSError+GYExtension.swift */,
				ACECED8828352CB000547508 /* String+GYExtension.swift */,
				AC0CA1FF28225F2100C1268F /* String+GYSubscript.swift */,
			);
			path = Extensions;
			sourceTree = "<group>";
		};
		AC0CA20528225F2100C1268F /* Base */ = {
			isa = PBXGroup;
			children = (
				ACD3287F282F4947008F6D7E /* GYBase.swift */,
				AC0CA1FC28225F2100C1268F /* GYConsts.swift */,
				ACFC6C9F282C0AC400AC0EE8 /* GYOperators.swift */,
				ACECED3C283529B900547508 /* Definitions */,
				ACFD9C7C2833EA4A00306D98 /* Macros */,
			);
			path = Base;
			sourceTree = "<group>";
		};
		ACD32881282F524E008F6D7E /* Universal */ = {
			isa = PBXGroup;
			children = (
				ACDDE65B282EB4EC00EDA877 /* RSAppManager.swift */,
				ACD3288B282F5B08008F6D7E /* RSUIManager.swift */,
				ACD32882282F53C1008F6D7E /* Download */,
				ACD32894282FABE6008F6D7E /* MenuItem */,
			);
			path = Universal;
			sourceTree = "<group>";
		};
		ACD32882282F53C1008F6D7E /* Download */ = {
			isa = PBXGroup;
			children = (
				ACD32885282F570E008F6D7E /* GYDownloladConst.swift */,
				ACD32887282F5756008F6D7E /* GYDownloader.swift */,
				ACD32889282F577A008F6D7E /* GYDownloadSetting.swift */,
				ACD3288D282F80BE008F6D7E /* GYDownloadSettings.swift */,
				ACD328A4282FF6C4008F6D7E /* GYDownloadManager.swift */,
				ACD328A6282FFDE1008F6D7E /* GYDownloadHolder.swift */,
			);
			path = Download;
			sourceTree = "<group>";
		};
		ACD3288F282FA5EB008F6D7E /* Objective-C Bridging */ = {
			isa = PBXGroup;
			children = (
				ACD32890282FA629008F6D7E /* Resource Studio-Bridging-Header.h */,
				ACD32893282FA640008F6D7E /* RSBaseBridging.h */,
				ACD32891282FA629008F6D7E /* RSBaseBridging.m */,
			);
			path = "Objective-C Bridging";
			sourceTree = "<group>";
		};
		ACD32894282FABE6008F6D7E /* MenuItem */ = {
			isa = PBXGroup;
			children = (
				ACD32895282FADAE008F6D7E /* RSMenuItemDispatcher.swift */,
				ACD32897282FADBC008F6D7E /* RSMenuItemDownloadDispatcher.swift */,
			);
			path = MenuItem;
			sourceTree = "<group>";
		};
		ACD3289F282FF029008F6D7E /* Base */ = {
			isa = PBXGroup;
			children = (
				ACD3289D282FF025008F6D7E /* GYBase+macOS.swift */,
				ACFD9C8A2833F1C400306D98 /* GYConsts+macOS.swift */,
			);
			path = Base;
			sourceTree = "<group>";
		};
		ACDDE64A282E9AED00EDA877 /* Main */ = {
			isa = PBXGroup;
			children = (
				AC03B4D328388AA200409AB3 /* JavLibrary */,
				ACDDE64B282E9B0100EDA877 /* GIGA */,
			);
			path = Main;
			sourceTree = "<group>";
		};
		ACDDE64B282E9B0100EDA877 /* GIGA */ = {
			isa = PBXGroup;
			children = (
				ACD3289B282FCA2A008F6D7E /* RSGigaTagInfoFetcher.swift */,
				ACDDE657282E9ED900EDA877 /* RSGigaTasks.swift */,
				ACDDE655282E9EC800EDA877 /* RSGigaTagReq.swift */,
				ACDDE653282E9EB600EDA877 /* RSGigaTagRsp.swift */,
				ACD328A828300109008F6D7E /* RSGigaTool.swift */,
			);
			path = GIGA;
			sourceTree = "<group>";
		};
		ACECED3C283529B900547508 /* Definitions */ = {
			isa = PBXGroup;
			children = (
				ACECED3D283529B900547508 /* GYErrorDefinition.swift */,
				ACECED3F283529B900547508 /* GYFileDefinition.swift */,
				ACECED3E283529B900547508 /* GYLogDefinition.swift */,
				ACDE1A732837DE1200CE0C26 /* GYOpenPanelDefinition.swift */,
			);
			path = Definitions;
			sourceTree = "<group>";
		};
		ACFD9C7C2833EA4A00306D98 /* Macros */ = {
			isa = PBXGroup;
			children = (
				ACDAE63A282D4ED20042F54E /* GYBaseMacro.swift */,
				ACFD9C7D2833EA6800306D98 /* GYJSONMacro.swift */,
				ACFD9C7F2833EBCB00306D98 /* GYStringMacro.swift */,
				ACFD9C812833EC2800306D98 /* GYTimeMacro.swift */,
				ACDE1A712837DCE500CE0C26 /* GYURLMacro.swift */,
			);
			path = Macros;
			sourceTree = "<group>";
		};
		ACFD9C832833EC6C00306D98 /* Localization */ = {
			isa = PBXGroup;
			children = (
				ACFD9C842833EC6C00306D98 /* GYLocalizationConst.swift */,
				ACFD9C852833EC6C00306D98 /* GYLocalizationLoader.swift */,
				ACFD9C862833EC6C00306D98 /* GYLocalizationResource.bundle */,
			);
			path = Localization;
			sourceTree = "<group>";
		};
		ACFF138B282809C9003B7118 /* macOS */ = {
			isa = PBXGroup;
			children = (
				ACD3289F282FF029008F6D7E /* Base */,
				ACFF138C282809DE003B7118 /* Base Services */,
				ACFF138D282809F0003B7118 /* Extensions */,
				ACFF138E282809FA003B7118 /* Managers */,
			);
			path = macOS;
			sourceTree = "<group>";
		};
		ACFF138C282809DE003B7118 /* Base Services */ = {
			isa = PBXGroup;
			children = (
				ACFF138F28280A1B003B7118 /* Alert */,
				ACFF139028280A21003B7118 /* Open Panel */,
				ACFF139128280A28003B7118 /* Window */,
			);
			path = "Base Services";
			sourceTree = "<group>";
		};
		ACFF138D282809F0003B7118 /* Extensions */ = {
			isa = PBXGroup;
			children = (
			);
			path = Extensions;
			sourceTree = "<group>";
		};
		ACFF138E282809FA003B7118 /* Managers */ = {
			isa = PBXGroup;
			children = (
			);
			path = Managers;
			sourceTree = "<group>";
		};
		ACFF138F28280A1B003B7118 /* Alert */ = {
			isa = PBXGroup;
			children = (
			);
			path = Alert;
			sourceTree = "<group>";
		};
		ACFF139028280A21003B7118 /* Open Panel */ = {
			isa = PBXGroup;
			children = (
				ACD328A0282FF049008F6D7E /* GYOpenPanelConfigure.swift */,
				ACD328A2282FF1B3008F6D7E /* GYOpenPanelManager.swift */,
			);
			path = "Open Panel";
			sourceTree = "<group>";
		};
		ACFF139128280A28003B7118 /* Window */ = {
			isa = PBXGroup;
			children = (
			);
			path = Window;
			sourceTree = "<group>";
		};
		C5685BCE40C8708AB7D6AC04 /* Pods */ = {
			isa = PBXGroup;
			children = (
				0AC62D478385B6F6517E148D /* Pods-Resource Studio.debug.xcconfig */,
				E02790C597E955320F765940 /* Pods-Resource Studio.release.xcconfig */,
			);
			path = Pods;
			sourceTree = "<group>";
		};
/* End PBXGroup section */

/* Begin PBXNativeTarget section */
		AC0CA1B628225D8500C1268F /* Resource Studio */ = {
			isa = PBXNativeTarget;
			buildConfigurationList = AC0CA1DC28225D8600C1268F /* Build configuration list for PBXNativeTarget "Resource Studio" */;
			buildPhases = (
				2D3011EDDA464697411BF028 /* [CP] Check Pods Manifest.lock */,
				AC0CA1B328225D8500C1268F /* Sources */,
				AC0CA1B428225D8500C1268F /* Frameworks */,
				AC0CA1B528225D8500C1268F /* Resources */,
				28135723B4C78B97102B65CD /* [CP] Embed Pods Frameworks */,
			);
			buildRules = (
			);
			dependencies = (
			);
			name = "Resource Studio";
			productName = "Resource Studio";
			productReference = AC0CA1B728225D8500C1268F /* Resource Studio.app */;
			productType = "com.apple.product-type.application";
		};
		AC0CA1C728225D8600C1268F /* Resource StudioTests */ = {
			isa = PBXNativeTarget;
			buildConfigurationList = AC0CA1DF28225D8600C1268F /* Build configuration list for PBXNativeTarget "Resource StudioTests" */;
			buildPhases = (
				AC0CA1C428225D8600C1268F /* Sources */,
				AC0CA1C528225D8600C1268F /* Frameworks */,
				AC0CA1C628225D8600C1268F /* Resources */,
			);
			buildRules = (
			);
			dependencies = (
				AC0CA1CA28225D8600C1268F /* PBXTargetDependency */,
			);
			name = "Resource StudioTests";
			productName = "Resource StudioTests";
			productReference = AC0CA1C828225D8600C1268F /* Resource StudioTests.xctest */;
			productType = "com.apple.product-type.bundle.unit-test";
		};
		AC0CA1D128225D8600C1268F /* Resource StudioUITests */ = {
			isa = PBXNativeTarget;
			buildConfigurationList = AC0CA1E228225D8600C1268F /* Build configuration list for PBXNativeTarget "Resource StudioUITests" */;
			buildPhases = (
				AC0CA1CE28225D8600C1268F /* Sources */,
				AC0CA1CF28225D8600C1268F /* Frameworks */,
				AC0CA1D028225D8600C1268F /* Resources */,
			);
			buildRules = (
			);
			dependencies = (
				AC0CA1D428225D8600C1268F /* PBXTargetDependency */,
			);
			name = "Resource StudioUITests";
			productName = "Resource StudioUITests";
			productReference = AC0CA1D228225D8600C1268F /* Resource StudioUITests.xctest */;
			productType = "com.apple.product-type.bundle.ui-testing";
		};
/* End PBXNativeTarget section */

/* Begin PBXProject section */
		AC0CA1AF28225D8500C1268F /* Project object */ = {
			isa = PBXProject;
			attributes = {
				BuildIndependentTargetsInParallel = 1;
				LastSwiftUpdateCheck = 1330;
				LastUpgradeCheck = 1330;
				TargetAttributes = {
					AC0CA1B628225D8500C1268F = {
						CreatedOnToolsVersion = 13.3.1;
						LastSwiftMigration = 1330;
					};
					AC0CA1C728225D8600C1268F = {
						CreatedOnToolsVersion = 13.3.1;
						TestTargetID = AC0CA1B628225D8500C1268F;
					};
					AC0CA1D128225D8600C1268F = {
						CreatedOnToolsVersion = 13.3.1;
						TestTargetID = AC0CA1B628225D8500C1268F;
					};
				};
			};
			buildConfigurationList = AC0CA1B228225D8500C1268F /* Build configuration list for PBXProject "Resource Studio" */;
			compatibilityVersion = "Xcode 13.0";
			developmentRegion = en;
			hasScannedForEncodings = 0;
			knownRegions = (
				en,
				Base,
			);
			mainGroup = AC0CA1AE28225D8500C1268F;
			productRefGroup = AC0CA1B828225D8500C1268F /* Products */;
			projectDirPath = "";
			projectRoot = "";
			targets = (
				AC0CA1B628225D8500C1268F /* Resource Studio */,
				AC0CA1C728225D8600C1268F /* Resource StudioTests */,
				AC0CA1D128225D8600C1268F /* Resource StudioUITests */,
			);
		};
/* End PBXProject section */

/* Begin PBXResourcesBuildPhase section */
		AC0CA1B528225D8500C1268F /* Resources */ = {
			isa = PBXResourcesBuildPhase;
			buildActionMask = 2147483647;
			files = (
				ACFD9C892833EC6C00306D98 /* GYLocalizationResource.bundle in Resources */,
				AC0CA1BF28225D8600C1268F /* Assets.xcassets in Resources */,
				AC0CA1C228225D8600C1268F /* Main.storyboard in Resources */,
			);
			runOnlyForDeploymentPostprocessing = 0;
		};
		AC0CA1C628225D8600C1268F /* Resources */ = {
			isa = PBXResourcesBuildPhase;
			buildActionMask = 2147483647;
			files = (
			);
			runOnlyForDeploymentPostprocessing = 0;
		};
		AC0CA1D028225D8600C1268F /* Resources */ = {
			isa = PBXResourcesBuildPhase;
			buildActionMask = 2147483647;
			files = (
			);
			runOnlyForDeploymentPostprocessing = 0;
		};
/* End PBXResourcesBuildPhase section */

/* Begin PBXShellScriptBuildPhase section */
		28135723B4C78B97102B65CD /* [CP] Embed Pods Frameworks */ = {
			isa = PBXShellScriptBuildPhase;
			buildActionMask = 2147483647;
			files = (
			);
			inputFileListPaths = (
				"${PODS_ROOT}/Target Support Files/Pods-Resource Studio/Pods-Resource Studio-frameworks-${CONFIGURATION}-input-files.xcfilelist",
			);
			name = "[CP] Embed Pods Frameworks";
			outputFileListPaths = (
				"${PODS_ROOT}/Target Support Files/Pods-Resource Studio/Pods-Resource Studio-frameworks-${CONFIGURATION}-output-files.xcfilelist",
			);
			runOnlyForDeploymentPostprocessing = 0;
			shellPath = /bin/sh;
			shellScript = "\"${PODS_ROOT}/Target Support Files/Pods-Resource Studio/Pods-Resource Studio-frameworks.sh\"\n";
			showEnvVarsInLog = 0;
		};
		2D3011EDDA464697411BF028 /* [CP] Check Pods Manifest.lock */ = {
			isa = PBXShellScriptBuildPhase;
			buildActionMask = 2147483647;
			files = (
			);
			inputFileListPaths = (
			);
			inputPaths = (
				"${PODS_PODFILE_DIR_PATH}/Podfile.lock",
				"${PODS_ROOT}/Manifest.lock",
			);
			name = "[CP] Check Pods Manifest.lock";
			outputFileListPaths = (
			);
			outputPaths = (
				"$(DERIVED_FILE_DIR)/Pods-Resource Studio-checkManifestLockResult.txt",
			);
			runOnlyForDeploymentPostprocessing = 0;
			shellPath = /bin/sh;
			shellScript = "diff \"${PODS_PODFILE_DIR_PATH}/Podfile.lock\" \"${PODS_ROOT}/Manifest.lock\" > /dev/null\nif [ $? != 0 ] ; then\n    # print error to STDERR\n    echo \"error: The sandbox is not in sync with the Podfile.lock. Run 'pod install' or update your CocoaPods installation.\" >&2\n    exit 1\nfi\n# This output is used by Xcode 'outputs' to avoid re-running this script phase.\necho \"SUCCESS\" > \"${SCRIPT_OUTPUT_FILE_0}\"\n";
			showEnvVarsInLog = 0;
		};
/* End PBXShellScriptBuildPhase section */

/* Begin PBXSourcesBuildPhase section */
		AC0CA1B328225D8500C1268F /* Sources */ = {
			isa = PBXSourcesBuildPhase;
			buildActionMask = 2147483647;
			files = (
				AC03B4DD28388C5E00409AB3 /* RSJavLibraryTool.swift in Sources */,
				ACDFA306282BDB5500B0D010 /* GYHTTPDataRequest.swift in Sources */,
				AC0CA21528225F2100C1268F /* GYHTTPBaseModel.swift in Sources */,
				ACD328A3282FF1B3008F6D7E /* GYOpenPanelManager.swift in Sources */,
				ACDDE660282EC1E300EDA877 /* GYHTTPCookie.swift in Sources */,
				ACDDE65A282EA45A00EDA877 /* GYHTTPBaseHTMLResponse.swift in Sources */,
				ACD32880282F4947008F6D7E /* GYBase.swift in Sources */,
				ACDAE63B282D4ED20042F54E /* GYBaseMacro.swift in Sources */,
				ACDDE658282E9ED900EDA877 /* RSGigaTasks.swift in Sources */,
				AC0CA21228225F2100C1268F /* GYHTTPBaseTasks.swift in Sources */,
				ACFD9C8B2833F1C400306D98 /* GYConsts+macOS.swift in Sources */,
				ACFD9C822833EC2800306D98 /* GYTimeMacro.swift in Sources */,
				AC0CA21628225F2100C1268F /* GYConsts.swift in Sources */,
				ACD3288A282F577A008F6D7E /* GYDownloadSetting.swift in Sources */,
				ACECED8D28352CB000547508 /* Array+GYExtension.swift in Sources */,
				ACD32892282FA629008F6D7E /* RSBaseBridging.m in Sources */,
				ACECED41283529B900547508 /* GYLogDefinition.swift in Sources */,
				AC0CA20628225F2100C1268F /* GYLogManager.swift in Sources */,
				AC0CA20E28225F2100C1268F /* GYHTTPRequestAdapter.swift in Sources */,
				ACFD9C802833EBCB00306D98 /* GYStringMacro.swift in Sources */,
				ACECED8A28352CB000547508 /* NSError+GYExtension.swift in Sources */,
				AC03B4D528388C0F00409AB3 /* RSJavLibraryActorReq.swift in Sources */,
				ACDAE639282D49CE0042F54E /* GYHTTPRequestRetrier.swift in Sources */,
				ACDDE656282E9EC800EDA877 /* RSGigaTagReq.swift in Sources */,
				ACD32898282FADBC008F6D7E /* RSMenuItemDownloadDispatcher.swift in Sources */,
				AC0CA20828225F2100C1268F /* GYLog.swift in Sources */,
				ACD3289A282FB33F008F6D7E /* WindowController.swift in Sources */,
				AC0CA20A28225F2100C1268F /* GYFileManager.swift in Sources */,
				ACDDE654282E9EB600EDA877 /* RSGigaTagRsp.swift in Sources */,
				ACFD9C7E2833EA6800306D98 /* GYJSONMacro.swift in Sources */,
				AC03B4D928388C3100409AB3 /* RSJavLibraryTasks.swift in Sources */,
				AC0CA20B28225F2100C1268F /* GYAlamofire.swift in Sources */,
				ACECED42283529B900547508 /* GYFileDefinition.swift in Sources */,
				ACDDE65C282EB4EC00EDA877 /* RSAppManager.swift in Sources */,
				AC0CA20728225F2100C1268F /* GYLogFormatters.swift in Sources */,
				ACFD9C872833EC6C00306D98 /* GYLocalizationConst.swift in Sources */,
				ACDE1A742837DE1200CE0C26 /* GYOpenPanelDefinition.swift in Sources */,
				ACFD9C882833EC6C00306D98 /* GYLocalizationLoader.swift in Sources */,
				AC0CA21128225F2100C1268F /* GYHTTPBaseResponse.swift in Sources */,
				AC0CA21028225F2100C1268F /* GYHTTPProtocols.swift in Sources */,
				ACECED8B28352CB000547508 /* Dictionary+GYExtension.swift in Sources */,
				ACD3289C282FCA2A008F6D7E /* RSGigaTagInfoFetcher.swift in Sources */,
				ACD3288C282F5B08008F6D7E /* RSUIManager.swift in Sources */,
				ACD328A1282FF049008F6D7E /* GYOpenPanelConfigure.swift in Sources */,
				AC0CA20C28225F2100C1268F /* GYHTTPServerTrustManager.swift in Sources */,
				AC0CA21828225F2100C1268F /* String+GYSubscript.swift in Sources */,
				AC0CA21428225F2100C1268F /* GYHTTPBaseRequest.swift in Sources */,
				ACECED40283529B900547508 /* GYErrorDefinition.swift in Sources */,
				ACECED8E28352CB000547508 /* String+GYExtension.swift in Sources */,
				AC0CA1BD28225D8500C1268F /* ViewController.swift in Sources */,
				AC0CA21328225F2100C1268F /* GYHTTPDataTask.swift in Sources */,
				ACD328A5282FF6C4008F6D7E /* GYDownloadManager.swift in Sources */,
				ACD328A7282FFDE1008F6D7E /* GYDownloadHolder.swift in Sources */,
				AC0CA1BB28225D8500C1268F /* AppDelegate.swift in Sources */,
				ACD3289E282FF025008F6D7E /* GYBase+macOS.swift in Sources */,
				ACFC6CA0282C0AC400AC0EE8 /* GYOperators.swift in Sources */,
				AC03B4D728388C2100409AB3 /* RSJavLibraryActorRsp.swift in Sources */,
				AC0CA20F28225F2100C1268F /* GYHTTPPrinter.swift in Sources */,
				AC03B4DB28388C5100409AB3 /* RSJavLibraryActorFetcher.swift in Sources */,
				ACECED8C28352CB000547508 /* Character+GYExtension.swift in Sources */,
				AC0167E328328D4F000E4C61 /* Array+GYSubscript.swift in Sources */,
				ACD32888282F5756008F6D7E /* GYDownloader.swift in Sources */,
				ACD32886282F570E008F6D7E /* GYDownloladConst.swift in Sources */,
				ACECED8F28352CB000547508 /* Date+GYExtension.swift in Sources */,
				ACD32896282FADAE008F6D7E /* RSMenuItemDispatcher.swift in Sources */,
				ACD3288E282F80BE008F6D7E /* GYDownloadSettings.swift in Sources */,
				ACDE1A722837DCE500CE0C26 /* GYURLMacro.swift in Sources */,
				ACD328A928300109008F6D7E /* RSGigaTool.swift in Sources */,
				AC0CA20D28225F2100C1268F /* GYHTTPEventMonitor.swift in Sources */,
			);
			runOnlyForDeploymentPostprocessing = 0;
		};
		AC0CA1C428225D8600C1268F /* Sources */ = {
			isa = PBXSourcesBuildPhase;
			buildActionMask = 2147483647;
			files = (
				AC0CA1CD28225D8600C1268F /* Resource_StudioTests.swift in Sources */,
			);
			runOnlyForDeploymentPostprocessing = 0;
		};
		AC0CA1CE28225D8600C1268F /* Sources */ = {
			isa = PBXSourcesBuildPhase;
			buildActionMask = 2147483647;
			files = (
				AC0CA1D928225D8600C1268F /* Resource_StudioUITestsLaunchTests.swift in Sources */,
				AC0CA1D728225D8600C1268F /* Resource_StudioUITests.swift in Sources */,
			);
			runOnlyForDeploymentPostprocessing = 0;
		};
/* End PBXSourcesBuildPhase section */

/* Begin PBXTargetDependency section */
		AC0CA1CA28225D8600C1268F /* PBXTargetDependency */ = {
			isa = PBXTargetDependency;
			target = AC0CA1B628225D8500C1268F /* Resource Studio */;
			targetProxy = AC0CA1C928225D8600C1268F /* PBXContainerItemProxy */;
		};
		AC0CA1D428225D8600C1268F /* PBXTargetDependency */ = {
			isa = PBXTargetDependency;
			target = AC0CA1B628225D8500C1268F /* Resource Studio */;
			targetProxy = AC0CA1D328225D8600C1268F /* PBXContainerItemProxy */;
		};
/* End PBXTargetDependency section */

/* Begin PBXVariantGroup section */
		AC0CA1C028225D8600C1268F /* Main.storyboard */ = {
			isa = PBXVariantGroup;
			children = (
				AC0CA1C128225D8600C1268F /* Base */,
			);
			name = Main.storyboard;
			sourceTree = "<group>";
		};
/* End PBXVariantGroup section */

/* Begin XCBuildConfiguration section */
		AC0CA1DA28225D8600C1268F /* Debug */ = {
			isa = XCBuildConfiguration;
			buildSettings = {
				ALWAYS_SEARCH_USER_PATHS = NO;
				CLANG_ANALYZER_NONNULL = YES;
				CLANG_ANALYZER_NUMBER_OBJECT_CONVERSION = YES_AGGRESSIVE;
				CLANG_CXX_LANGUAGE_STANDARD = "gnu++17";
				CLANG_ENABLE_MODULES = YES;
				CLANG_ENABLE_OBJC_ARC = YES;
				CLANG_ENABLE_OBJC_WEAK = YES;
				CLANG_WARN_BLOCK_CAPTURE_AUTORELEASING = YES;
				CLANG_WARN_BOOL_CONVERSION = YES;
				CLANG_WARN_COMMA = YES;
				CLANG_WARN_CONSTANT_CONVERSION = YES;
				CLANG_WARN_DEPRECATED_OBJC_IMPLEMENTATIONS = YES;
				CLANG_WARN_DIRECT_OBJC_ISA_USAGE = YES_ERROR;
				CLANG_WARN_DOCUMENTATION_COMMENTS = YES;
				CLANG_WARN_EMPTY_BODY = YES;
				CLANG_WARN_ENUM_CONVERSION = YES;
				CLANG_WARN_INFINITE_RECURSION = YES;
				CLANG_WARN_INT_CONVERSION = YES;
				CLANG_WARN_NON_LITERAL_NULL_CONVERSION = YES;
				CLANG_WARN_OBJC_IMPLICIT_RETAIN_SELF = YES;
				CLANG_WARN_OBJC_LITERAL_CONVERSION = YES;
				CLANG_WARN_OBJC_ROOT_CLASS = YES_ERROR;
				CLANG_WARN_QUOTED_INCLUDE_IN_FRAMEWORK_HEADER = YES;
				CLANG_WARN_RANGE_LOOP_ANALYSIS = YES;
				CLANG_WARN_STRICT_PROTOTYPES = YES;
				CLANG_WARN_SUSPICIOUS_MOVE = YES;
				CLANG_WARN_UNGUARDED_AVAILABILITY = YES_AGGRESSIVE;
				CLANG_WARN_UNREACHABLE_CODE = YES;
				CLANG_WARN__DUPLICATE_METHOD_MATCH = YES;
				COPY_PHASE_STRIP = NO;
				DEBUG_INFORMATION_FORMAT = dwarf;
				ENABLE_STRICT_OBJC_MSGSEND = YES;
				ENABLE_TESTABILITY = YES;
				GCC_C_LANGUAGE_STANDARD = gnu11;
				GCC_DYNAMIC_NO_PIC = NO;
				GCC_NO_COMMON_BLOCKS = YES;
				GCC_OPTIMIZATION_LEVEL = 0;
				GCC_PREPROCESSOR_DEFINITIONS = (
					"DEBUG=1",
					"$(inherited)",
				);
				GCC_WARN_64_TO_32_BIT_CONVERSION = YES;
				GCC_WARN_ABOUT_RETURN_TYPE = YES_ERROR;
				GCC_WARN_UNDECLARED_SELECTOR = YES;
				GCC_WARN_UNINITIALIZED_AUTOS = YES_AGGRESSIVE;
				GCC_WARN_UNUSED_FUNCTION = YES;
				GCC_WARN_UNUSED_VARIABLE = YES;
				MACOSX_DEPLOYMENT_TARGET = 12.3;
				MTL_ENABLE_DEBUG_INFO = INCLUDE_SOURCE;
				MTL_FAST_MATH = YES;
				ONLY_ACTIVE_ARCH = YES;
				SDKROOT = macosx;
				SWIFT_ACTIVE_COMPILATION_CONDITIONS = DEBUG;
				SWIFT_OPTIMIZATION_LEVEL = "-Onone";
			};
			name = Debug;
		};
		AC0CA1DB28225D8600C1268F /* Release */ = {
			isa = XCBuildConfiguration;
			buildSettings = {
				ALWAYS_SEARCH_USER_PATHS = NO;
				CLANG_ANALYZER_NONNULL = YES;
				CLANG_ANALYZER_NUMBER_OBJECT_CONVERSION = YES_AGGRESSIVE;
				CLANG_CXX_LANGUAGE_STANDARD = "gnu++17";
				CLANG_ENABLE_MODULES = YES;
				CLANG_ENABLE_OBJC_ARC = YES;
				CLANG_ENABLE_OBJC_WEAK = YES;
				CLANG_WARN_BLOCK_CAPTURE_AUTORELEASING = YES;
				CLANG_WARN_BOOL_CONVERSION = YES;
				CLANG_WARN_COMMA = YES;
				CLANG_WARN_CONSTANT_CONVERSION = YES;
				CLANG_WARN_DEPRECATED_OBJC_IMPLEMENTATIONS = YES;
				CLANG_WARN_DIRECT_OBJC_ISA_USAGE = YES_ERROR;
				CLANG_WARN_DOCUMENTATION_COMMENTS = YES;
				CLANG_WARN_EMPTY_BODY = YES;
				CLANG_WARN_ENUM_CONVERSION = YES;
				CLANG_WARN_INFINITE_RECURSION = YES;
				CLANG_WARN_INT_CONVERSION = YES;
				CLANG_WARN_NON_LITERAL_NULL_CONVERSION = YES;
				CLANG_WARN_OBJC_IMPLICIT_RETAIN_SELF = YES;
				CLANG_WARN_OBJC_LITERAL_CONVERSION = YES;
				CLANG_WARN_OBJC_ROOT_CLASS = YES_ERROR;
				CLANG_WARN_QUOTED_INCLUDE_IN_FRAMEWORK_HEADER = YES;
				CLANG_WARN_RANGE_LOOP_ANALYSIS = YES;
				CLANG_WARN_STRICT_PROTOTYPES = YES;
				CLANG_WARN_SUSPICIOUS_MOVE = YES;
				CLANG_WARN_UNGUARDED_AVAILABILITY = YES_AGGRESSIVE;
				CLANG_WARN_UNREACHABLE_CODE = YES;
				CLANG_WARN__DUPLICATE_METHOD_MATCH = YES;
				COPY_PHASE_STRIP = NO;
				DEBUG_INFORMATION_FORMAT = "dwarf-with-dsym";
				ENABLE_NS_ASSERTIONS = NO;
				ENABLE_STRICT_OBJC_MSGSEND = YES;
				GCC_C_LANGUAGE_STANDARD = gnu11;
				GCC_NO_COMMON_BLOCKS = YES;
				GCC_WARN_64_TO_32_BIT_CONVERSION = YES;
				GCC_WARN_ABOUT_RETURN_TYPE = YES_ERROR;
				GCC_WARN_UNDECLARED_SELECTOR = YES;
				GCC_WARN_UNINITIALIZED_AUTOS = YES_AGGRESSIVE;
				GCC_WARN_UNUSED_FUNCTION = YES;
				GCC_WARN_UNUSED_VARIABLE = YES;
				MACOSX_DEPLOYMENT_TARGET = 12.3;
				MTL_ENABLE_DEBUG_INFO = NO;
				MTL_FAST_MATH = YES;
				SDKROOT = macosx;
				SWIFT_COMPILATION_MODE = wholemodule;
				SWIFT_OPTIMIZATION_LEVEL = "-O";
			};
			name = Release;
		};
		AC0CA1DD28225D8600C1268F /* Debug */ = {
			isa = XCBuildConfiguration;
			baseConfigurationReference = 0AC62D478385B6F6517E148D /* Pods-Resource Studio.debug.xcconfig */;
			buildSettings = {
				ASSETCATALOG_COMPILER_APPICON_NAME = AppIcon;
				ASSETCATALOG_COMPILER_GLOBAL_ACCENT_COLOR_NAME = AccentColor;
				CLANG_ENABLE_MODULES = YES;
				CODE_SIGN_ENTITLEMENTS = "Resource Studio/Resource_Studio.entitlements";
				CODE_SIGN_STYLE = Automatic;
				COMBINE_HIDPI_IMAGES = YES;
				CURRENT_PROJECT_VERSION = 1;
				DEVELOPMENT_TEAM = 2G352K7NR7;
				ENABLE_HARDENED_RUNTIME = YES;
				GENERATE_INFOPLIST_FILE = YES;
				INFOPLIST_FILE = "Resource-Studio-Info.plist";
				INFOPLIST_KEY_NSHumanReadableCopyright = "";
				INFOPLIST_KEY_NSMainStoryboardFile = Main;
				INFOPLIST_KEY_NSPrincipalClass = NSApplication;
				LD_RUNPATH_SEARCH_PATHS = (
					"$(inherited)",
					"@executable_path/../Frameworks",
				);
				MACOSX_DEPLOYMENT_TARGET = 10.15;
				MARKETING_VERSION = 1.0;
				PRODUCT_BUNDLE_IDENTIFIER = "com.gongyu.Resource-Studio";
				PRODUCT_NAME = "$(TARGET_NAME)";
				SWIFT_EMIT_LOC_STRINGS = YES;
				SWIFT_OBJC_BRIDGING_HEADER = "Resource Studio/Objective-C Bridging/Resource Studio-Bridging-Header.h";
				SWIFT_OPTIMIZATION_LEVEL = "-Onone";
				SWIFT_VERSION = 5.0;
			};
			name = Debug;
		};
		AC0CA1DE28225D8600C1268F /* Release */ = {
			isa = XCBuildConfiguration;
			baseConfigurationReference = E02790C597E955320F765940 /* Pods-Resource Studio.release.xcconfig */;
			buildSettings = {
				ASSETCATALOG_COMPILER_APPICON_NAME = AppIcon;
				ASSETCATALOG_COMPILER_GLOBAL_ACCENT_COLOR_NAME = AccentColor;
				CLANG_ENABLE_MODULES = YES;
				CODE_SIGN_ENTITLEMENTS = "Resource Studio/Resource_Studio.entitlements";
				CODE_SIGN_STYLE = Automatic;
				COMBINE_HIDPI_IMAGES = YES;
				CURRENT_PROJECT_VERSION = 1;
				DEVELOPMENT_TEAM = 2G352K7NR7;
				ENABLE_HARDENED_RUNTIME = YES;
				GENERATE_INFOPLIST_FILE = YES;
				INFOPLIST_FILE = "Resource-Studio-Info.plist";
				INFOPLIST_KEY_NSHumanReadableCopyright = "";
				INFOPLIST_KEY_NSMainStoryboardFile = Main;
				INFOPLIST_KEY_NSPrincipalClass = NSApplication;
				LD_RUNPATH_SEARCH_PATHS = (
					"$(inherited)",
					"@executable_path/../Frameworks",
				);
				MACOSX_DEPLOYMENT_TARGET = 10.15;
				MARKETING_VERSION = 1.0;
				PRODUCT_BUNDLE_IDENTIFIER = "com.gongyu.Resource-Studio";
				PRODUCT_NAME = "$(TARGET_NAME)";
				SWIFT_EMIT_LOC_STRINGS = YES;
				SWIFT_OBJC_BRIDGING_HEADER = "Resource Studio/Objective-C Bridging/Resource Studio-Bridging-Header.h";
				SWIFT_VERSION = 5.0;
			};
			name = Release;
		};
		AC0CA1E028225D8600C1268F /* Debug */ = {
			isa = XCBuildConfiguration;
			buildSettings = {
				ALWAYS_EMBED_SWIFT_STANDARD_LIBRARIES = YES;
				BUNDLE_LOADER = "$(TEST_HOST)";
				CODE_SIGN_STYLE = Automatic;
				CURRENT_PROJECT_VERSION = 1;
				DEVELOPMENT_TEAM = 2G352K7NR7;
				GENERATE_INFOPLIST_FILE = YES;
				MACOSX_DEPLOYMENT_TARGET = 12.3;
				MARKETING_VERSION = 1.0;
				PRODUCT_BUNDLE_IDENTIFIER = "com.gongyu.Resource-StudioTests";
				PRODUCT_NAME = "$(TARGET_NAME)";
				SWIFT_EMIT_LOC_STRINGS = NO;
				SWIFT_VERSION = 5.0;
				TEST_HOST = "$(BUILT_PRODUCTS_DIR)/Resource Studio.app/Contents/MacOS/Resource Studio";
			};
			name = Debug;
		};
		AC0CA1E128225D8600C1268F /* Release */ = {
			isa = XCBuildConfiguration;
			buildSettings = {
				ALWAYS_EMBED_SWIFT_STANDARD_LIBRARIES = YES;
				BUNDLE_LOADER = "$(TEST_HOST)";
				CODE_SIGN_STYLE = Automatic;
				CURRENT_PROJECT_VERSION = 1;
				DEVELOPMENT_TEAM = 2G352K7NR7;
				GENERATE_INFOPLIST_FILE = YES;
				MACOSX_DEPLOYMENT_TARGET = 12.3;
				MARKETING_VERSION = 1.0;
				PRODUCT_BUNDLE_IDENTIFIER = "com.gongyu.Resource-StudioTests";
				PRODUCT_NAME = "$(TARGET_NAME)";
				SWIFT_EMIT_LOC_STRINGS = NO;
				SWIFT_VERSION = 5.0;
				TEST_HOST = "$(BUILT_PRODUCTS_DIR)/Resource Studio.app/Contents/MacOS/Resource Studio";
			};
			name = Release;
		};
		AC0CA1E328225D8600C1268F /* Debug */ = {
			isa = XCBuildConfiguration;
			buildSettings = {
				ALWAYS_EMBED_SWIFT_STANDARD_LIBRARIES = YES;
				CODE_SIGN_STYLE = Automatic;
				CURRENT_PROJECT_VERSION = 1;
				DEVELOPMENT_TEAM = 2G352K7NR7;
				GENERATE_INFOPLIST_FILE = YES;
				MARKETING_VERSION = 1.0;
				PRODUCT_BUNDLE_IDENTIFIER = "com.gongyu.Resource-StudioUITests";
				PRODUCT_NAME = "$(TARGET_NAME)";
				SWIFT_EMIT_LOC_STRINGS = NO;
				SWIFT_VERSION = 5.0;
				TEST_TARGET_NAME = "Resource Studio";
			};
			name = Debug;
		};
		AC0CA1E428225D8600C1268F /* Release */ = {
			isa = XCBuildConfiguration;
			buildSettings = {
				ALWAYS_EMBED_SWIFT_STANDARD_LIBRARIES = YES;
				CODE_SIGN_STYLE = Automatic;
				CURRENT_PROJECT_VERSION = 1;
				DEVELOPMENT_TEAM = 2G352K7NR7;
				GENERATE_INFOPLIST_FILE = YES;
				MARKETING_VERSION = 1.0;
				PRODUCT_BUNDLE_IDENTIFIER = "com.gongyu.Resource-StudioUITests";
				PRODUCT_NAME = "$(TARGET_NAME)";
				SWIFT_EMIT_LOC_STRINGS = NO;
				SWIFT_VERSION = 5.0;
				TEST_TARGET_NAME = "Resource Studio";
			};
			name = Release;
		};
/* End XCBuildConfiguration section */

/* Begin XCConfigurationList section */
		AC0CA1B228225D8500C1268F /* Build configuration list for PBXProject "Resource Studio" */ = {
			isa = XCConfigurationList;
			buildConfigurations = (
				AC0CA1DA28225D8600C1268F /* Debug */,
				AC0CA1DB28225D8600C1268F /* Release */,
			);
			defaultConfigurationIsVisible = 0;
			defaultConfigurationName = Release;
		};
		AC0CA1DC28225D8600C1268F /* Build configuration list for PBXNativeTarget "Resource Studio" */ = {
			isa = XCConfigurationList;
			buildConfigurations = (
				AC0CA1DD28225D8600C1268F /* Debug */,
				AC0CA1DE28225D8600C1268F /* Release */,
			);
			defaultConfigurationIsVisible = 0;
			defaultConfigurationName = Release;
		};
		AC0CA1DF28225D8600C1268F /* Build configuration list for PBXNativeTarget "Resource StudioTests" */ = {
			isa = XCConfigurationList;
			buildConfigurations = (
				AC0CA1E028225D8600C1268F /* Debug */,
				AC0CA1E128225D8600C1268F /* Release */,
			);
			defaultConfigurationIsVisible = 0;
			defaultConfigurationName = Release;
		};
		AC0CA1E228225D8600C1268F /* Build configuration list for PBXNativeTarget "Resource StudioUITests" */ = {
			isa = XCConfigurationList;
			buildConfigurations = (
				AC0CA1E328225D8600C1268F /* Debug */,
				AC0CA1E428225D8600C1268F /* Release */,
			);
			defaultConfigurationIsVisible = 0;
			defaultConfigurationName = Release;
		};
/* End XCConfigurationList section */
	};
	rootObject = AC0CA1AF28225D8500C1268F /* Project object */;
}
